
Microsoft Visual Studio Solution File, Format Version 12.00
# Visual Studio Version 16
VisualStudioVersion = 16.0.30225.117
MinimumVisualStudioVersion = 10.0.40219.1
Project("{FAE04EC0-301F-11D3-BF4B-00C04F79EFBC}") = "StickyNotesExtract", "StickyNotesExtract\StickyNotesExtract.csproj", "{0DC1B824-C6E7-4881-8788-35AECB34D227}"
EndProject
Global
	GlobalSection(SolutionConfigurationPlatforms) = preSolution
		Debug|Any CPU = Debug|Any CPU
		Release|Any CPU = Release|Any CPU
	EndGlobalSection
	GlobalSection(ProjectConfigurationPlatforms) = postSolution
		{0DC1B824-C6E7-4881-8788-35AECB34D227}.Debug|Any CPU.ActiveCfg = Debug|Any CPU
		{0DC1B824-C6E7-4881-8788-35AECB34D227}.Debug|Any CPU.Build.0 = Debug|Any CPU
		{0DC1B824-C6E7-4881-8788-35AECB34D227}.Release|Any CPU.ActiveCfg = Release|Any CPU
		{0DC1B824-C6E7-4881-8788-35AECB34D227}.Release|Any CPU.Build.0 = Release|Any CPU
	EndGlobalSection
	GlobalSection(SolutionProperties) = preSolution
		HideSolutionNode = FALSE
	EndGlobalSection
	GlobalSection(ExtensibilityGlobals) = postSolution
		SolutionGuid = {A23FA39A-34CF-45E2-B264-6F525A49111C}
	EndGlobalSection
EndGlobal
